// !$*UTF8*$!
{
	archiveVersion = 1;
	classes = {
	};
	objectVersion = 46;
	objects = {

/* Begin PBXBuildFile section */
		2EC63DD11BC0A292001521F7 /* main.m in Sources */ = {isa = PBXBuildFile; fileRef = 2EC63DD01BC0A292001521F7 /* main.m */; };
		2EC63DD41BC0A292001521F7 /* AppDelegate.m in Sources */ = {isa = PBXBuildFile; fileRef = 2EC63DD31BC0A292001521F7 /* AppDelegate.m */; };
		2EC63DD71BC0A292001521F7 /* ViewController.m in Sources */ = {isa = PBXBuildFile; fileRef = 2EC63DD61BC0A292001521F7 /* ViewController.m */; };
		2EC63DDA1BC0A292001521F7 /* MainStoryBoard.storyboard in Resources */ = {isa = PBXBuildFile; fileRef = 2EC63DD81BC0A292001521F7 /* MainStoryBoard.storyboard */; };
		2EC63DDC1BC0A292001521F7 /* Assets.xcassets in Resources */ = {isa = PBXBuildFile; fileRef = 2EC63DDB1BC0A292001521F7 /* Assets.xcassets */; };
		2EC63DDF1BC0A292001521F7 /* LaunchScreen.storyboard in Resources */ = {isa = PBXBuildFile; fileRef = 2EC63DDD1BC0A292001521F7 /* LaunchScreen.storyboard */; };
		2EC63DEA1BC0A292001521F7 /* Decide_decide_what_to_doTests.m in Sources */ = {isa = PBXBuildFile; fileRef = 2EC63DE91BC0A292001521F7 /* Decide_decide_what_to_doTests.m */; };
		2EC63DF51BC0A292001521F7 /* Decide_decide_what_to_doUITests.m in Sources */ = {isa = PBXBuildFile; fileRef = 2EC63DF41BC0A292001521F7 /* Decide_decide_what_to_doUITests.m */; };
		2EC63E081BC0A647001521F7 /* DCForMeObject.m in Sources */ = {isa = PBXBuildFile; fileRef = 2EC63E071BC0A647001521F7 /* DCForMeObject.m */; settings = {ASSET_TAGS = (); }; };
/* End PBXBuildFile section */

/* Begin PBXContainerItemProxy section */
		2EC63DE61BC0A292001521F7 /* PBXContainerItemProxy */ = {
			isa = PBXContainerItemProxy;
			containerPortal = 2EC63DC41BC0A292001521F7 /* Project object */;
			proxyType = 1;
			remoteGlobalIDString = 2EC63DCB1BC0A292001521F7;
			remoteInfo = "Decide:decide what to do";
		};
		2EC63DF11BC0A292001521F7 /* PBXContainerItemProxy */ = {
			isa = PBXContainerItemProxy;
			containerPortal = 2EC63DC41BC0A292001521F7 /* Project object */;
			proxyType = 1;
			remoteGlobalIDString = 2EC63DCB1BC0A292001521F7;
			remoteInfo = "Decide:decide what to do";
		};
/* End PBXContainerItemProxy section */

/* Begin PBXFileReference section */
		2EC63DCC1BC0A292001521F7 /* Decide:decide what to do.app */ = {isa = PBXFileReference; explicitFileType = wrapper.application; includeInIndex = 0; path = "Decide:decide what to do.app"; sourceTree = BUILT_PRODUCTS_DIR; };
		2EC63DD01BC0A292001521F7 /* main.m */ = {isa = PBXFileReference; lastKnownFileType = sourcecode.c.objc; path = main.m; sourceTree = "<group>"; };
		2EC63DD21BC0A292001521F7 /* AppDelegate.h */ = {isa = PBXFileReference; lastKnownFileType = sourcecode.c.h; path = AppDelegate.h; sourceTree = "<group>"; };
		2EC63DD31BC0A292001521F7 /* AppDelegate.m */ = {isa = PBXFileReference; lastKnownFileType = sourcecode.c.objc; path = AppDelegate.m; sourceTree = "<group>"; };
		2EC63DD51BC0A292001521F7 /* ViewController.h */ = {isa = PBXFileReference; lastKnownFileType = sourcecode.c.h; path = ViewController.h; sourceTree = "<group>"; };
		2EC63DD61BC0A292001521F7 /* ViewController.m */ = {isa = PBXFileReference; lastKnownFileType = sourcecode.c.objc; path = ViewController.m; sourceTree = "<group>"; };
		2EC63DD91BC0A292001521F7 /* Base */ = {isa = PBXFileReference; lastKnownFileType = file.storyboard; name = Base; path = Base.lproj/MainStoryBoard.storyboard; sourceTree = "<group>"; };
		2EC63DDB1BC0A292001521F7 /* Assets.xcassets */ = {isa = PBXFileReference; lastKnownFileType = folder.assetcatalog; path = Assets.xcassets; sourceTree = "<group>"; };
		2EC63DDE1BC0A292001521F7 /* Base */ = {isa = PBXFileReference; lastKnownFileType = file.storyboard; name = Base; path = Base.lproj/LaunchScreen.storyboard; sourceTree = "<group>"; };
		2EC63DE01BC0A292001521F7 /* Info.plist */ = {isa = PBXFileReference; lastKnownFileType = text.plist.xml; path = Info.plist; sourceTree = "<group>"; };
		2EC63DE51BC0A292001521F7 /* Decide:decide what to doTests.xctest */ = {isa = PBXFileReference; explicitFileType = wrapper.cfbundle; includeInIndex = 0; path = "Decide:decide what to doTests.xctest"; sourceTree = BUILT_PRODUCTS_DIR; };
		2EC63DE91BC0A292001521F7 /* Decide_decide_what_to_doTests.m */ = {isa = PBXFileReference; lastKnownFileType = sourcecode.c.objc; path = Decide_decide_what_to_doTests.m; sourceTree = "<group>"; };
		2EC63DEB1BC0A292001521F7 /* Info.plist */ = {isa = PBXFileReference; lastKnownFileType = text.plist.xml; path = Info.plist; sourceTree = "<group>"; };
		2EC63DF01BC0A292001521F7 /* Decide:decide what to doUITests.xctest */ = {isa = PBXFileReference; explicitFileType = wrapper.cfbundle; includeInIndex = 0; path = "Decide:decide what to doUITests.xctest"; sourceTree = BUILT_PRODUCTS_DIR; };
		2EC63DF41BC0A292001521F7 /* Decide_decide_what_to_doUITests.m */ = {isa = PBXFileReference; lastKnownFileType = sourcecode.c.objc; path = Decide_decide_what_to_doUITests.m; sourceTree = "<group>"; };
		2EC63DF61BC0A292001521F7 /* Info.plist */ = {isa = PBXFileReference; lastKnownFileType = text.plist.xml; path = Info.plist; sourceTree = "<group>"; };
		2EC63E061BC0A647001521F7 /* DCForMeObject.h */ = {isa = PBXFileReference; fileEncoding = 4; lastKnownFileType = sourcecode.c.h; name = DCForMeObject.h; path = models/DCForMeObject.h; sourceTree = "<group>"; };
		2EC63E071BC0A647001521F7 /* DCForMeObject.m */ = {isa = PBXFileReference; fileEncoding = 4; lastKnownFileType = sourcecode.c.objc; name = DCForMeObject.m; path = models/DCForMeObject.m; sourceTree = "<group>"; };
		2EC63E0B1BC0AC75001521F7 /* DCUserDefaultKeyConstants.h */ = {isa = PBXFileReference; fileEncoding = 4; lastKnownFileType = sourcecode.c.h; path = DCUserDefaultKeyConstants.h; sourceTree = "<group>"; };
/* End PBXFileReference section */

/* Begin PBXFrameworksBuildPhase section */
		2EC63DC91BC0A292001521F7 /* Frameworks */ = {
			isa = PBXFrameworksBuildPhase;
			buildActionMask = 2147483647;
			files = (
			);
			runOnlyForDeploymentPostprocessing = 0;
		};
		2EC63DE21BC0A292001521F7 /* Frameworks */ = {
			isa = PBXFrameworksBuildPhase;
			buildActionMask = 2147483647;
			files = (
			);
			runOnlyForDeploymentPostprocessing = 0;
		};
		2EC63DED1BC0A292001521F7 /* Frameworks */ = {
			isa = PBXFrameworksBuildPhase;
			buildActionMask = 2147483647;
			files = (
			);
			runOnlyForDeploymentPostprocessing = 0;
		};
/* End PBXFrameworksBuildPhase section */

/* Begin PBXGroup section */
		2EC63DC31BC0A292001521F7 = {
			isa = PBXGroup;
			children = (
				2EC63DCE1BC0A292001521F7 /* Decide:decide what to do */,
				2EC63DE81BC0A292001521F7 /* Decide:decide what to doTests */,
				2EC63DF31BC0A292001521F7 /* Decide:decide what to doUITests */,
				2EC63DCD1BC0A292001521F7 /* Products */,
			);
			sourceTree = "<group>";
		};
		2EC63DCD1BC0A292001521F7 /* Products */ = {
			isa = PBXGroup;
			children = (
				2EC63DCC1BC0A292001521F7 /* Decide:decide what to do.app */,
				2EC63DE51BC0A292001521F7 /* Decide:decide what to doTests.xctest */,
				2EC63DF01BC0A292001521F7 /* Decide:decide what to doUITests.xctest */,
			);
			name = Products;
			sourceTree = "<group>";
		};
		2EC63DCE1BC0A292001521F7 /* Decide:decide what to do */ = {
			isa = PBXGroup;
			children = (
				2EC63E091BC0AB64001521F7 /* Constants */,
				2EC63E051BC0A2E5001521F7 /* vendor */,
				2EC63E041BC0A2DF001521F7 /* models */,
				2EC63E031BC0A2DB001521F7 /* views */,
				2EC63E021BC0A2CD001521F7 /* controllers */,
				2EC63DD21BC0A292001521F7 /* AppDelegate.h */,
				2EC63DD31BC0A292001521F7 /* AppDelegate.m */,
				2EC63DDB1BC0A292001521F7 /* Assets.xcassets */,
				2EC63DE01BC0A292001521F7 /* Info.plist */,
				2EC63DCF1BC0A292001521F7 /* Supporting Files */,
			);
			path = "Decide:decide what to do";
			sourceTree = "<group>";
		};
		2EC63DCF1BC0A292001521F7 /* Supporting Files */ = {
			isa = PBXGroup;
			children = (
				2EC63DD01BC0A292001521F7 /* main.m */,
			);
			name = "Supporting Files";
			sourceTree = "<group>";
		};
		2EC63DE81BC0A292001521F7 /* Decide:decide what to doTests */ = {
			isa = PBXGroup;
			children = (
				2EC63DE91BC0A292001521F7 /* Decide_decide_what_to_doTests.m */,
				2EC63DEB1BC0A292001521F7 /* Info.plist */,
			);
			path = "Decide:decide what to doTests";
			sourceTree = "<group>";
		};
		2EC63DF31BC0A292001521F7 /* Decide:decide what to doUITests */ = {
			isa = PBXGroup;
			children = (
				2EC63DF41BC0A292001521F7 /* Decide_decide_what_to_doUITests.m */,
				2EC63DF61BC0A292001521F7 /* Info.plist */,
			);
			path = "Decide:decide what to doUITests";
			sourceTree = "<group>";
		};
		2EC63E021BC0A2CD001521F7 /* controllers */ = {
			isa = PBXGroup;
			children = (
				2EC63DD51BC0A292001521F7 /* ViewController.h */,
				2EC63DD61BC0A292001521F7 /* ViewController.m */,
			);
			name = controllers;
			sourceTree = "<group>";
		};
		2EC63E031BC0A2DB001521F7 /* views */ = {
			isa = PBXGroup;
			children = (
				2EC63DD81BC0A292001521F7 /* MainStoryBoard.storyboard */,
				2EC63DDD1BC0A292001521F7 /* LaunchScreen.storyboard */,
			);
			name = views;
			sourceTree = "<group>";
		};
		2EC63E041BC0A2DF001521F7 /* models */ = {
			isa = PBXGroup;
			children = (
				2EC63E0D1BC0ACD5001521F7 /* Decide For Group */,
				2EC63E0C1BC0ACC6001521F7 /* Decide For Me */,
			);
			name = models;
			sourceTree = "<group>";
		};
		2EC63E051BC0A2E5001521F7 /* vendor */ = {
			isa = PBXGroup;
			children = (
			);
			name = vendor;
			sourceTree = "<group>";
		};
		2EC63E091BC0AB64001521F7 /* Constants */ = {
			isa = PBXGroup;
			children = (
				2EC63E0B1BC0AC75001521F7 /* DCUserDefaultKeyConstants.h */,
			);
			name = Constants;
			sourceTree = "<group>";
		};
		2EC63E0C1BC0ACC6001521F7 /* Decide For Me */ = {
			isa = PBXGroup;
			children = (
				2EC63E061BC0A647001521F7 /* DCForMeObject.h */,
				2EC63E071BC0A647001521F7 /* DCForMeObject.m */,
			);
			name = "Decide For Me";
			sourceTree = "<group>";
		};
		2EC63E0D1BC0ACD5001521F7 /* Decide For Group */ = {
			isa = PBXGroup;
			children = (
			);
			name = "Decide For Group";
			sourceTree = "<group>";
		};
/* End PBXGroup section */

/* Begin PBXNativeTarget section */
		2EC63DCB1BC0A292001521F7 /* Decide:decide what to do */ = {
			isa = PBXNativeTarget;
			buildConfigurationList = 2EC63DF91BC0A292001521F7 /* Build configuration list for PBXNativeTarget "Decide:decide what to do" */;
			buildPhases = (
				2EC63DC81BC0A292001521F7 /* Sources */,
				2EC63DC91BC0A292001521F7 /* Frameworks */,
				2EC63DCA1BC0A292001521F7 /* Resources */,
			);
			buildRules = (
			);
			dependencies = (
			);
			name = "Decide:decide what to do";
			productName = "Decide:decide what to do";
			productReference = 2EC63DCC1BC0A292001521F7 /* Decide:decide what to do.app */;
			productType = "com.apple.product-type.application";
		};
		2EC63DE41BC0A292001521F7 /* Decide:decide what to doTests */ = {
			isa = PBXNativeTarget;
			buildConfigurationList = 2EC63DFC1BC0A292001521F7 /* Build configuration list for PBXNativeTarget "Decide:decide what to doTests" */;
			buildPhases = (
				2EC63DE11BC0A292001521F7 /* Sources */,
				2EC63DE21BC0A292001521F7 /* Frameworks */,
				2EC63DE31BC0A292001521F7 /* Resources */,
			);
			buildRules = (
			);
			dependencies = (
				2EC63DE71BC0A292001521F7 /* PBXTargetDependency */,
			);
			name = "Decide:decide what to doTests";
			productName = "Decide:decide what to doTests";
			productReference = 2EC63DE51BC0A292001521F7 /* Decide:decide what to doTests.xctest */;
			productType = "com.apple.product-type.bundle.unit-test";
		};
		2EC63DEF1BC0A292001521F7 /* Decide:decide what to doUITests */ = {
			isa = PBXNativeTarget;
			buildConfigurationList = 2EC63DFF1BC0A292001521F7 /* Build configuration list for PBXNativeTarget "Decide:decide what to doUITests" */;
			buildPhases = (
				2EC63DEC1BC0A292001521F7 /* Sources */,
				2EC63DED1BC0A292001521F7 /* Frameworks */,
				2EC63DEE1BC0A292001521F7 /* Resources */,
			);
			buildRules = (
			);
			dependencies = (
				2EC63DF21BC0A292001521F7 /* PBXTargetDependency */,
			);
			name = "Decide:decide what to doUITests";
			productName = "Decide:decide what to doUITests";
			productReference = 2EC63DF01BC0A292001521F7 /* Decide:decide what to doUITests.xctest */;
			productType = "com.apple.product-type.bundle.ui-testing";
		};
/* End PBXNativeTarget section */

/* Begin PBXProject section */
		2EC63DC41BC0A292001521F7 /* Project object */ = {
			isa = PBXProject;
			attributes = {
				LastUpgradeCheck = 0700;
				ORGANIZATIONNAME = "Future Innovation Studio";
				TargetAttributes = {
					2EC63DCB1BC0A292001521F7 = {
						CreatedOnToolsVersion = 7.0.1;
					};
					2EC63DE41BC0A292001521F7 = {
						CreatedOnToolsVersion = 7.0.1;
						TestTargetID = 2EC63DCB1BC0A292001521F7;
					};
					2EC63DEF1BC0A292001521F7 = {
						CreatedOnToolsVersion = 7.0.1;
						TestTargetID = 2EC63DCB1BC0A292001521F7;
					};
				};
			};
			buildConfigurationList = 2EC63DC71BC0A292001521F7 /* Build configuration list for PBXProject "Decide:decide what to do" */;
			compatibilityVersion = "Xcode 3.2";
			developmentRegion = English;
			hasScannedForEncodings = 0;
			knownRegions = (
				en,
				Base,
			);
			mainGroup = 2EC63DC31BC0A292001521F7;
			productRefGroup = 2EC63DCD1BC0A292001521F7 /* Products */;
			projectDirPath = "";
			projectRoot = "";
			targets = (
				2EC63DCB1BC0A292001521F7 /* Decide:decide what to do */,
				2EC63DE41BC0A292001521F7 /* Decide:decide what to doTests */,
				2EC63DEF1BC0A292001521F7 /* Decide:decide what to doUITests */,
			);
		};
/* End PBXProject section */

/* Begin PBXResourcesBuildPhase section */
		2EC63DCA1BC0A292001521F7 /* Resources */ = {
			isa = PBXResourcesBuildPhase;
			buildActionMask = 2147483647;
			files = (
				2EC63DDF1BC0A292001521F7 /* LaunchScreen.storyboard in Resources */,
				2EC63DDC1BC0A292001521F7 /* Assets.xcassets in Resources */,
				2EC63DDA1BC0A292001521F7 /* MainStoryBoard.storyboard in Resources */,
			);
			runOnlyForDeploymentPostprocessing = 0;
		};
		2EC63DE31BC0A292001521F7 /* Resources */ = {
			isa = PBXResourcesBuildPhase;
			buildActionMask = 2147483647;
			files = (
			);
			runOnlyForDeploymentPostprocessing = 0;
		};
		2EC63DEE1BC0A292001521F7 /* Resources */ = {
			isa = PBXResourcesBuildPhase;
			buildActionMask = 2147483647;
			files = (
			);
			runOnlyForDeploymentPostprocessing = 0;
		};
/* End PBXResourcesBuildPhase section */

/* Begin PBXSourcesBuildPhase section */
		2EC63DC81BC0A292001521F7 /* Sources */ = {
			isa = PBXSourcesBuildPhase;
			buildActionMask = 2147483647;
			files = (
				2EC63DD71BC0A292001521F7 /* ViewController.m in Sources */,
				2EC63E081BC0A647001521F7 /* DCForMeObject.m in Sources */,
				2EC63DD41BC0A292001521F7 /* AppDelegate.m in Sources */,
				2EC63DD11BC0A292001521F7 /* main.m in Sources */,
			);
			runOnlyForDeploymentPostprocessing = 0;
		};
		2EC63DE11BC0A292001521F7 /* Sources */ = {
			isa = PBXSourcesBuildPhase;
			buildActionMask = 2147483647;
			files = (
				2EC63DEA1BC0A292001521F7 /* Decide_decide_what_to_doTests.m in Sources */,
			);
			runOnlyForDeploymentPostprocessing = 0;
		};
		2EC63DEC1BC0A292001521F7 /* Sources */ = {
			isa = PBXSourcesBuildPhase;
			buildActionMask = 2147483647;
			files = (
				2EC63DF51BC0A292001521F7 /* Decide_decide_what_to_doUITests.m in Sources */,
			);
			runOnlyForDeploymentPostprocessing = 0;
		};
/* End PBXSourcesBuildPhase section */

/* Begin PBXTargetDependency section */
		2EC63DE71BC0A292001521F7 /* PBXTargetDependency */ = {
			isa = PBXTargetDependency;
			target = 2EC63DCB1BC0A292001521F7 /* Decide:decide what to do */;
			targetProxy = 2EC63DE61BC0A292001521F7 /* PBXContainerItemProxy */;
		};
		2EC63DF21BC0A292001521F7 /* PBXTargetDependency */ = {
			isa = PBXTargetDependency;
			target = 2EC63DCB1BC0A292001521F7 /* Decide:decide what to do */;
			targetProxy = 2EC63DF11BC0A292001521F7 /* PBXContainerItemProxy */;
		};
/* End PBXTargetDependency section */

/* Begin PBXVariantGroup section */
		2EC63DD81BC0A292001521F7 /* MainStoryBoard.storyboard */ = {
			isa = PBXVariantGroup;
			children = (
				2EC63DD91BC0A292001521F7 /* Base */,
			);
			name = MainStoryBoard.storyboard;
			sourceTree = "<group>";
		};
		2EC63DDD1BC0A292001521F7 /* LaunchScreen.storyboard */ = {
			isa = PBXVariantGroup;
			children = (
				2EC63DDE1BC0A292001521F7 /* Base */,
			);
			name = LaunchScreen.storyboard;
			sourceTree = "<group>";
		};
/* End PBXVariantGroup section */

/* Begin XCBuildConfiguration section */
		2EC63DF71BC0A292001521F7 /* Debug */ = {
			isa = XCBuildConfiguration;
			buildSettings = {
				ALWAYS_SEARCH_USER_PATHS = NO;
				CLANG_CXX_LANGUAGE_STANDARD = "gnu++0x";
				CLANG_CXX_LIBRARY = "libc++";
				CLANG_ENABLE_MODULES = YES;
				CLANG_ENABLE_OBJC_ARC = YES;
				CLANG_WARN_BOOL_CONVERSION = YES;
				CLANG_WARN_CONSTANT_CONVERSION = YES;
				CLANG_WARN_DIRECT_OBJC_ISA_USAGE = YES_ERROR;
				CLANG_WARN_EMPTY_BODY = YES;
				CLANG_WARN_ENUM_CONVERSION = YES;
				CLANG_WARN_INT_CONVERSION = YES;
				CLANG_WARN_OBJC_ROOT_CLASS = YES_ERROR;
				CLANG_WARN_UNREACHABLE_CODE = YES;
				CLANG_WARN__DUPLICATE_METHOD_MATCH = YES;
				"CODE_SIGN_IDENTITY[sdk=iphoneos*]" = "iPhone Developer";
				COPY_PHASE_STRIP = NO;
				DEBUG_INFORMATION_FORMAT = dwarf;
				ENABLE_STRICT_OBJC_MSGSEND = YES;
				ENABLE_TESTABILITY = YES;
				GCC_C_LANGUAGE_STANDARD = gnu99;
				GCC_DYNAMIC_NO_PIC = NO;
				GCC_NO_COMMON_BLOCKS = YES;
				GCC_OPTIMIZATION_LEVEL = 0;
				GCC_PREPROCESSOR_DEFINITIONS = (
					"DEBUG=1",
					"$(inherited)",
				);
				GCC_WARN_64_TO_32_BIT_CONVERSION = YES;
				GCC_WARN_ABOUT_RETURN_TYPE = YES_ERROR;
				GCC_WARN_UNDECLARED_SELECTOR = YES;
				GCC_WARN_UNINITIALIZED_AUTOS = YES_AGGRESSIVE;
				GCC_WARN_UNUSED_FUNCTION = YES;
				GCC_WARN_UNUSED_VARIABLE = YES;
				IPHONEOS_DEPLOYMENT_TARGET = 9.0;
				MTL_ENABLE_DEBUG_INFO = YES;
				ONLY_ACTIVE_ARCH = YES;
				SDKROOT = iphoneos;
			};
			name = Debug;
		};
		2EC63DF81BC0A292001521F7 /* Release */ = {
			isa = XCBuildConfiguration;
			buildSettings = {
				ALWAYS_SEARCH_USER_PATHS = NO;
				CLANG_CXX_LANGUAGE_STANDARD = "gnu++0x";
				CLANG_CXX_LIBRARY = "libc++";
				CLANG_ENABLE_MODULES = YES;
				CLANG_ENABLE_OBJC_ARC = YES;
				CLANG_WARN_BOOL_CONVERSION = YES;
				CLANG_WARN_CONSTANT_CONVERSION = YES;
				CLANG_WARN_DIRECT_OBJC_ISA_USAGE = YES_ERROR;
				CLANG_WARN_EMPTY_BODY = YES;
				CLANG_WARN_ENUM_CONVERSION = YES;
				CLANG_WARN_INT_CONVERSION = YES;
				CLANG_WARN_OBJC_ROOT_CLASS = YES_ERROR;
				CLANG_WARN_UNREACHABLE_CODE = YES;
				CLANG_WARN__DUPLICATE_METHOD_MATCH = YES;
				"CODE_SIGN_IDENTITY[sdk=iphoneos*]" = "iPhone Developer";
				COPY_PHASE_STRIP = NO;
				DEBUG_INFORMATION_FORMAT = "dwarf-with-dsym";
				ENABLE_NS_ASSERTIONS = NO;
				ENABLE_STRICT_OBJC_MSGSEND = YES;
				GCC_C_LANGUAGE_STANDARD = gnu99;
				GCC_NO_COMMON_BLOCKS = YES;
				GCC_WARN_64_TO_32_BIT_CONVERSION = YES;
				GCC_WARN_ABOUT_RETURN_TYPE = YES_ERROR;
				GCC_WARN_UNDECLARED_SELECTOR = YES;
				GCC_WARN_UNINITIALIZED_AUTOS = YES_AGGRESSIVE;
				GCC_WARN_UNUSED_FUNCTION = YES;
				GCC_WARN_UNUSED_VARIABLE = YES;
				IPHONEOS_DEPLOYMENT_TARGET = 9.0;
				MTL_ENABLE_DEBUG_INFO = NO;
				SDKROOT = iphoneos;
				VALIDATE_PRODUCT = YES;
			};
			name = Release;
		};
		2EC63DFA1BC0A292001521F7 /* Debug */ = {
			isa = XCBuildConfiguration;
			buildSettings = {
				ASSETCATALOG_COMPILER_APPICON_NAME = AppIcon;
				INFOPLIST_FILE = "Decide:decide what to do/Info.plist";
				IPHONEOS_DEPLOYMENT_TARGET = 7.0;
				LD_RUNPATH_SEARCH_PATHS = "$(inherited) @executable_path/Frameworks";
				PRODUCT_BUNDLE_IDENTIFIER = "FIStudio.Decide-decide-what-to-do";
				PRODUCT_NAME = "$(TARGET_NAME)";
			};
			name = Debug;
		};
		2EC63DFB1BC0A292001521F7 /* Release */ = {
			isa = XCBuildConfiguration;
			buildSettings = {
				ASSETCATALOG_COMPILER_APPICON_NAME = AppIcon;
				INFOPLIST_FILE = "Decide:decide what to do/Info.plist";
				IPHONEOS_DEPLOYMENT_TARGET = 7.0;
				LD_RUNPATH_SEARCH_PATHS = "$(inherited) @executable_path/Frameworks";
				PRODUCT_BUNDLE_IDENTIFIER = "FIStudio.Decide-decide-what-to-do";
				PRODUCT_NAME = "$(TARGET_NAME)";
			};
			name = Release;
		};
		2EC63DFD1BC0A292001521F7 /* Debug */ = {
			isa = XCBuildConfiguration;
			buildSettings = {
				BUNDLE_LOADER = "$(TEST_HOST)";
				INFOPLIST_FILE = "Decide:decide what to doTests/Info.plist";
				LD_RUNPATH_SEARCH_PATHS = "$(inherited) @executable_path/Frameworks @loader_path/Frameworks";
				PRODUCT_BUNDLE_IDENTIFIER = "FIStudio.Decide-decide-what-to-doTests";
				PRODUCT_NAME = "$(TARGET_NAME)";
				TEST_HOST = "$(BUILT_PRODUCTS_DIR)/Decide:decide what to do.app/Decide:decide what to do";
			};
			name = Debug;
		};
		2EC63DFE1BC0A292001521F7 /* Release */ = {
			isa = XCBuildConfiguration;
			buildSettings = {
				BUNDLE_LOADER = "$(TEST_HOST)";
				INFOPLIST_FILE = "Decide:decide what to doTests/Info.plist";
				LD_RUNPATH_SEARCH_PATHS = "$(inherited) @executable_path/Frameworks @loader_path/Frameworks";
				PRODUCT_BUNDLE_IDENTIFIER = "FIStudio.Decide-decide-what-to-doTests";
				PRODUCT_NAME = "$(TARGET_NAME)";
				TEST_HOST = "$(BUILT_PRODUCTS_DIR)/Decide:decide what to do.app/Decide:decide what to do";
			};
			name = Release;
		};
		2EC63E001BC0A292001521F7 /* Debug */ = {
			isa = XCBuildConfiguration;
			buildSettings = {
				INFOPLIST_FILE = "Decide:decide what to doUITests/Info.plist";
				LD_RUNPATH_SEARCH_PATHS = "$(inherited) @executable_path/Frameworks @loader_path/Frameworks";
				PRODUCT_BUNDLE_IDENTIFIER = "FIStudio.Decide-decide-what-to-doUITests";
				PRODUCT_NAME = "$(TARGET_NAME)";
				TEST_TARGET_NAME = "Decide:decide what to do";
				USES_XCTRUNNER = YES;
			};
			name = Debug;
		};
		2EC63E011BC0A292001521F7 /* Release */ = {
			isa = XCBuildConfiguration;
			buildSettings = {
				INFOPLIST_FILE = "Decide:decide what to doUITests/Info.plist";
				LD_RUNPATH_SEARCH_PATHS = "$(inherited) @executable_path/Frameworks @loader_path/Frameworks";
				PRODUCT_BUNDLE_IDENTIFIER = "FIStudio.Decide-decide-what-to-doUITests";
				PRODUCT_NAME = "$(TARGET_NAME)";
				TEST_TARGET_NAME = "Decide:decide what to do";
				USES_XCTRUNNER = YES;
			};
			name = Release;
		};
/* End XCBuildConfiguration section */

/* Begin XCConfigurationList section */
		2EC63DC71BC0A292001521F7 /* Build configuration list for PBXProject "Decide:decide what to do" */ = {
			isa = XCConfigurationList;
			buildConfigurations = (
				2EC63DF71BC0A292001521F7 /* Debug */,
				2EC63DF81BC0A292001521F7 /* Release */,
			);
			defaultConfigurationIsVisible = 0;
			defaultConfigurationName = Release;
		};
		2EC63DF91BC0A292001521F7 /* Build configuration list for PBXNativeTarget "Decide:decide what to do" */ = {
			isa = XCConfigurationList;
			buildConfigurations = (
				2EC63DFA1BC0A292001521F7 /* Debug */,
				2EC63DFB1BC0A292001521F7 /* Release */,
			);
			defaultConfigurationIsVisible = 0;
		};
		2EC63DFC1BC0A292001521F7 /* Build configuration list for PBXNativeTarget "Decide:decide what to doTests" */ = {
			isa = XCConfigurationList;
			buildConfigurations = (
				2EC63DFD1BC0A292001521F7 /* Debug */,
				2EC63DFE1BC0A292001521F7 /* Release */,
			);
			defaultConfigurationIsVisible = 0;
		};
		2EC63DFF1BC0A292001521F7 /* Build configuration list for PBXNativeTarget "Decide:decide what to doUITests" */ = {
			isa = XCConfigurationList;
			buildConfigurations = (
				2EC63E001BC0A292001521F7 /* Debug */,
				2EC63E011BC0A292001521F7 /* Release */,
			);
			defaultConfigurationIsVisible = 0;
		};
/* End XCConfigurationList section */
	};
	rootObject = 2EC63DC41BC0A292001521F7 /* Project object */;
}
